
Microsoft Visual Studio Solution File, Format Version 12.00
# Visual Studio 14
VisualStudioVersion = 14.0.25123.0
MinimumVisualStudioVersion = 10.0.40219.1
Project("{FAE04EC0-301F-11D3-BF4B-00C04F79EFBC}") = "DataStructure", "DataStructure\DataStructure.csproj", "{C14138F7-8637-4877-8DA2-A10F5FF4B90E}"
EndProject
Project("{FAE04EC0-301F-11D3-BF4B-00C04F79EFBC}") = "Algorithms", "Algorithms\Algorithms.csproj", "{BEBBAE79-3D53-4210-91F8-C9DC8FE305E5}"
EndProject
Global
	GlobalSection(SolutionConfigurationPlatforms) = preSolution
		Debug|Any CPU = Debug|Any CPU
		Release|Any CPU = Release|Any CPU
	EndGlobalSection
	GlobalSection(ProjectConfigurationPlatforms) = postSolution
		{C14138F7-8637-4877-8DA2-A10F5FF4B90E}.Debug|Any CPU.ActiveCfg = Debug|Any CPU
		{C14138F7-8637-4877-8DA2-A10F5FF4B90E}.Debug|Any CPU.Build.0 = Debug|Any CPU
		{C14138F7-8637-4877-8DA2-A10F5FF4B90E}.Release|Any CPU.ActiveCfg = Release|Any CPU
		{C14138F7-8637-4877-8DA2-A10F5FF4B90E}.Release|Any CPU.Build.0 = Release|Any CPU
		{BEBBAE79-3D53-4210-91F8-C9DC8FE305E5}.Debug|Any CPU.ActiveCfg = Debug|Any CPU
		{BEBBAE79-3D53-4210-91F8-C9DC8FE305E5}.Debug|Any CPU.Build.0 = Debug|Any CPU
		{BEBBAE79-3D53-4210-91F8-C9DC8FE305E5}.Release|Any CPU.ActiveCfg = Release|Any CPU
		{BEBBAE79-3D53-4210-91F8-C9DC8FE305E5}.Release|Any CPU.Build.0 = Release|Any CPU
	EndGlobalSection
	GlobalSection(SolutionProperties) = preSolution
		HideSolutionNode = FALSE
	EndGlobalSection
EndGlobal
